
Microsoft Visual Studio Solution File, Format Version 12.00
# Visual Studio Version 17
VisualStudioVersion = 17.11.35222.181
MinimumVisualStudioVersion = 10.0.40219.1
Project("{FAE04EC0-301F-11D3-BF4B-00C04F79EFBC}") = "AiChatApi", "AiChatApi\AiChatApi.csproj", "{AF6AE8A1-8370-4A03-91CD-AB4B0199FB65}"
EndProject
Global
	GlobalSection(SolutionConfigurationPlatforms) = preSolution
		Debug|Any CPU = Debug|Any CPU
		Release|Any CPU = Release|Any CPU
	EndGlobalSection
	GlobalSection(ProjectConfigurationPlatforms) = postSolution
		{AF6AE8A1-8370-4A03-91CD-AB4B0199FB65}.Debug|Any CPU.ActiveCfg = Debug|Any CPU
		{AF6AE8A1-8370-4A03-91CD-AB4B0199FB65}.Debug|Any CPU.Build.0 = Debug|Any CPU
		{AF6AE8A1-8370-4A03-91CD-AB4B0199FB65}.Release|Any CPU.ActiveCfg = Release|Any CPU
		{AF6AE8A1-8370-4A03-91CD-AB4B0199FB65}.Release|Any CPU.Build.0 = Release|Any CPU
	EndGlobalSection
	GlobalSection(SolutionProperties) = preSolution
		HideSolutionNode = FALSE
	EndGlobalSection
	GlobalSection(ExtensibilityGlobals) = postSolution
		SolutionGuid = {5CD847D6-7ABC-47E6-8198-3B00A61CB75B}
	EndGlobalSection
EndGlobal
